// !$*UTF8*$!
{
	archiveVersion = 1;
	classes = {
	};
	objectVersion = 56;
	objects = {

/* Begin PBXBuildFile section */
		F6231C8F29EAF0AB00A73829 /* AppDelegate.swift in Sources */ = {isa = PBXBuildFile; fileRef = F6231C8E29EAF0AB00A73829 /* AppDelegate.swift */; };
		F6231C9129EAF0AB00A73829 /* SceneDelegate.swift in Sources */ = {isa = PBXBuildFile; fileRef = F6231C9029EAF0AB00A73829 /* SceneDelegate.swift */; };
		F6231C9329EAF0AB00A73829 /* ViewController.swift in Sources */ = {isa = PBXBuildFile; fileRef = F6231C9229EAF0AB00A73829 /* ViewController.swift */; };
		F6231C9629EAF0AB00A73829 /* Main.storyboard in Resources */ = {isa = PBXBuildFile; fileRef = F6231C9429EAF0AB00A73829 /* Main.storyboard */; };
		F6231C9829EAF0AC00A73829 /* Assets.xcassets in Resources */ = {isa = PBXBuildFile; fileRef = F6231C9729EAF0AC00A73829 /* Assets.xcassets */; };
		F6231C9B29EAF0AC00A73829 /* LaunchScreen.storyboard in Resources */ = {isa = PBXBuildFile; fileRef = F6231C9929EAF0AC00A73829 /* LaunchScreen.storyboard */; };
		F6231CA329EAF15C00A73829 /* DetailsViewController.swift in Sources */ = {isa = PBXBuildFile; fileRef = F6231CA229EAF15C00A73829 /* DetailsViewController.swift */; };
		F6231CA529EAF59100A73829 /* Sehir.swift in Sources */ = {isa = PBXBuildFile; fileRef = F6231CA429EAF59100A73829 /* Sehir.swift */; };
/* End PBXBuildFile section */

/* Begin PBXFileReference section */
		F6231C8B29EAF0AB00A73829 /* SehirApp.app */ = {isa = PBXFileReference; explicitFileType = wrapper.application; includeInIndex = 0; path = SehirApp.app; sourceTree = BUILT_PRODUCTS_DIR; };
		F6231C8E29EAF0AB00A73829 /* AppDelegate.swift */ = {isa = PBXFileReference; lastKnownFileType = sourcecode.swift; path = AppDelegate.swift; sourceTree = "<group>"; };
		F6231C9029EAF0AB00A73829 /* SceneDelegate.swift */ = {isa = PBXFileReference; lastKnownFileType = sourcecode.swift; path = SceneDelegate.swift; sourceTree = "<group>"; };
		F6231C9229EAF0AB00A73829 /* ViewController.swift */ = {isa = PBXFileReference; lastKnownFileType = sourcecode.swift; path = ViewController.swift; sourceTree = "<group>"; };
		F6231C9529EAF0AB00A73829 /* Base */ = {isa = PBXFileReference; lastKnownFileType = file.storyboard; name = Base; path = Base.lproj/Main.storyboard; sourceTree = "<group>"; };
		F6231C9729EAF0AC00A73829 /* Assets.xcassets */ = {isa = PBXFileReference; lastKnownFileType = folder.assetcatalog; path = Assets.xcassets; sourceTree = "<group>"; };
		F6231C9A29EAF0AC00A73829 /* Base */ = {isa = PBXFileReference; lastKnownFileType = file.storyboard; name = Base; path = Base.lproj/LaunchScreen.storyboard; sourceTree = "<group>"; };
		F6231C9C29EAF0AC00A73829 /* Info.plist */ = {isa = PBXFileReference; lastKnownFileType = text.plist.xml; path = Info.plist; sourceTree = "<group>"; };
		F6231CA229EAF15C00A73829 /* DetailsViewController.swift */ = {isa = PBXFileReference; lastKnownFileType = sourcecode.swift; path = DetailsViewController.swift; sourceTree = "<group>"; };
		F6231CA429EAF59100A73829 /* Sehir.swift */ = {isa = PBXFileReference; lastKnownFileType = sourcecode.swift; path = Sehir.swift; sourceTree = "<group>"; };
/* End PBXFileReference section */

/* Begin PBXFrameworksBuildPhase section */
		F6231C8829EAF0AB00A73829 /* Frameworks */ = {
			isa = PBXFrameworksBuildPhase;
			buildActionMask = 2147483647;
			files = (
			);
			runOnlyForDeploymentPostprocessing = 0;
		};
/* End PBXFrameworksBuildPhase section */

/* Begin PBXGroup section */
		F6231C8229EAF0AB00A73829 = {
			isa = PBXGroup;
			children = (
				F6231C8D29EAF0AB00A73829 /* SehirApp */,
				F6231C8C29EAF0AB00A73829 /* Products */,
			);
			sourceTree = "<group>";
		};
		F6231C8C29EAF0AB00A73829 /* Products */ = {
			isa = PBXGroup;
			children = (
				F6231C8B29EAF0AB00A73829 /* SehirApp.app */,
			);
			name = Products;
			sourceTree = "<group>";
		};
		F6231C8D29EAF0AB00A73829 /* SehirApp */ = {
			isa = PBXGroup;
			children = (
				F6231C8E29EAF0AB00A73829 /* AppDelegate.swift */,
				F6231C9029EAF0AB00A73829 /* SceneDelegate.swift */,
				F6231C9229EAF0AB00A73829 /* ViewController.swift */,
				F6231CA229EAF15C00A73829 /* DetailsViewController.swift */,
				F6231C9429EAF0AB00A73829 /* Main.storyboard */,
				F6231C9729EAF0AC00A73829 /* Assets.xcassets */,
				F6231C9929EAF0AC00A73829 /* LaunchScreen.storyboard */,
				F6231C9C29EAF0AC00A73829 /* Info.plist */,
				F6231CA429EAF59100A73829 /* Sehir.swift */,
			);
			path = SehirApp;
			sourceTree = "<group>";
		};
/* End PBXGroup section */

/* Begin PBXNativeTarget section */
		F6231C8A29EAF0AB00A73829 /* SehirApp */ = {
			isa = PBXNativeTarget;
			buildConfigurationList = F6231C9F29EAF0AC00A73829 /* Build configuration list for PBXNativeTarget "SehirApp" */;
			buildPhases = (
				F6231C8729EAF0AB00A73829 /* Sources */,
				F6231C8829EAF0AB00A73829 /* Frameworks */,
				F6231C8929EAF0AB00A73829 /* Resources */,
			);
			buildRules = (
			);
			dependencies = (
			);
			name = SehirApp;
			productName = SehirApp;
			productReference = F6231C8B29EAF0AB00A73829 /* SehirApp.app */;
			productType = "com.apple.product-type.application";
		};
/* End PBXNativeTarget section */

/* Begin PBXProject section */
		F6231C8329EAF0AB00A73829 /* Project object */ = {
			isa = PBXProject;
			attributes = {
				BuildIndependentTargetsInParallel = 1;
				LastSwiftUpdateCheck = 1430;
				LastUpgradeCheck = 1430;
				TargetAttributes = {
					F6231C8A29EAF0AB00A73829 = {
						CreatedOnToolsVersion = 14.3;
					};
				};
			};
			buildConfigurationList = F6231C8629EAF0AB00A73829 /* Build configuration list for PBXProject "SehirApp" */;
			compatibilityVersion = "Xcode 14.0";
			developmentRegion = en;
			hasScannedForEncodings = 0;
			knownRegions = (
				en,
				Base,
			);
			mainGroup = F6231C8229EAF0AB00A73829;
			productRefGroup = F6231C8C29EAF0AB00A73829 /* Products */;
			projectDirPath = "";
			projectRoot = "";
			targets = (
				F6231C8A29EAF0AB00A73829 /* SehirApp */,
			);
		};
/* End PBXProject section */

/* Begin PBXResourcesBuildPhase section */
		F6231C8929EAF0AB00A73829 /* Resources */ = {
			isa = PBXResourcesBuildPhase;
			buildActionMask = 2147483647;
			files = (
				F6231C9B29EAF0AC00A73829 /* LaunchScreen.storyboard in Resources */,
				F6231C9829EAF0AC00A73829 /* Assets.xcassets in Resources */,
				F6231C9629EAF0AB00A73829 /* Main.storyboard in Resources */,
			);
			runOnlyForDeploymentPostprocessing = 0;
		};
/* End PBXResourcesBuildPhase section */

/* Begin PBXSourcesBuildPhase section */
		F6231C8729EAF0AB00A73829 /* Sources */ = {
			isa = PBXSourcesBuildPhase;
			buildActionMask = 2147483647;
			files = (
				F6231C9329EAF0AB00A73829 /* ViewController.swift in Sources */,
				F6231C8F29EAF0AB00A73829 /* AppDelegate.swift in Sources */,
				F6231C9129EAF0AB00A73829 /* SceneDelegate.swift in Sources */,
				F6231CA329EAF15C00A73829 /* DetailsViewController.swift in Sources */,
				F6231CA529EAF59100A73829 /* Sehir.swift in Sources */,
			);
			runOnlyForDeploymentPostprocessing = 0;
		};
/* End PBXSourcesBuildPhase section */

/* Begin PBXVariantGroup section */
		F6231C9429EAF0AB00A73829 /* Main.storyboard */ = {
			isa = PBXVariantGroup;
			children = (
				F6231C9529EAF0AB00A73829 /* Base */,
			);
			name = Main.storyboard;
			sourceTree = "<group>";
		};
		F6231C9929EAF0AC00A73829 /* LaunchScreen.storyboard */ = {
			isa = PBXVariantGroup;
			children = (
				F6231C9A29EAF0AC00A73829 /* Base */,
			);
			name = LaunchScreen.storyboard;
			sourceTree = "<group>";
		};
/* End PBXVariantGroup section */

/* Begin XCBuildConfiguration section */
		F6231C9D29EAF0AC00A73829 /* Debug */ = {
			isa = XCBuildConfiguration;
			buildSettings = {
				ALWAYS_SEARCH_USER_PATHS = NO;
				CLANG_ANALYZER_NONNULL = YES;
				CLANG_ANALYZER_NUMBER_OBJECT_CONVERSION = YES_AGGRESSIVE;
				CLANG_CXX_LANGUAGE_STANDARD = "gnu++20";
				CLANG_ENABLE_MODULES = YES;
				CLANG_ENABLE_OBJC_ARC = YES;
				CLANG_ENABLE_OBJC_WEAK = YES;
				CLANG_WARN_BLOCK_CAPTURE_AUTORELEASING = YES;
				CLANG_WARN_BOOL_CONVERSION = YES;
				CLANG_WARN_COMMA = YES;
				CLANG_WARN_CONSTANT_CONVERSION = YES;
				CLANG_WARN_DEPRECATED_OBJC_IMPLEMENTATIONS = YES;
				CLANG_WARN_DIRECT_OBJC_ISA_USAGE = YES_ERROR;
				CLANG_WARN_DOCUMENTATION_COMMENTS = YES;
				CLANG_WARN_EMPTY_BODY = YES;
				CLANG_WARN_ENUM_CONVERSION = YES;
				CLANG_WARN_INFINITE_RECURSION = YES;
				CLANG_WARN_INT_CONVERSION = YES;
				CLANG_WARN_NON_LITERAL_NULL_CONVERSION = YES;
				CLANG_WARN_OBJC_IMPLICIT_RETAIN_SELF = YES;
				CLANG_WARN_OBJC_LITERAL_CONVERSION = YES;
				CLANG_WARN_OBJC_ROOT_CLASS = YES_ERROR;
				CLANG_WARN_QUOTED_INCLUDE_IN_FRAMEWORK_HEADER = YES;
				CLANG_WARN_RANGE_LOOP_ANALYSIS = YES;
				CLANG_WARN_STRICT_PROTOTYPES = YES;
				CLANG_WARN_SUSPICIOUS_MOVE = YES;
				CLANG_WARN_UNGUARDED_AVAILABILITY = YES_AGGRESSIVE;
				CLANG_WARN_UNREACHABLE_CODE = YES;
				CLANG_WARN__DUPLICATE_METHOD_MATCH = YES;
				COPY_PHASE_STRIP = NO;
				DEBUG_INFORMATION_FORMAT = dwarf;
				ENABLE_STRICT_OBJC_MSGSEND = YES;
				ENABLE_TESTABILITY = YES;
				GCC_C_LANGUAGE_STANDARD = gnu11;
				GCC_DYNAMIC_NO_PIC = NO;
				GCC_NO_COMMON_BLOCKS = YES;
				GCC_OPTIMIZATION_LEVEL = 0;
				GCC_PREPROCESSOR_DEFINITIONS = (
					"DEBUG=1",
					"$(inherited)",
				);
				GCC_WARN_64_TO_32_BIT_CONVERSION = YES;
				GCC_WARN_ABOUT_RETURN_TYPE = YES_ERROR;
				GCC_WARN_UNDECLARED_SELECTOR = YES;
				GCC_WARN_UNINITIALIZED_AUTOS = YES_AGGRESSIVE;
				GCC_WARN_UNUSED_FUNCTION = YES;
				GCC_WARN_UNUSED_VARIABLE = YES;
				IPHONEOS_DEPLOYMENT_TARGET = 16.4;
				MTL_ENABLE_DEBUG_INFO = INCLUDE_SOURCE;
				MTL_FAST_MATH = YES;
				ONLY_ACTIVE_ARCH = YES;
				SDKROOT = iphoneos;
				SWIFT_ACTIVE_COMPILATION_CONDITIONS = DEBUG;
				SWIFT_OPTIMIZATION_LEVEL = "-Onone";
			};
			name = Debug;
		};
		F6231C9E29EAF0AC00A73829 /* Release */ = {
			isa = XCBuildConfiguration;
			buildSettings = {
				ALWAYS_SEARCH_USER_PATHS = NO;
				CLANG_ANALYZER_NONNULL = YES;
				CLANG_ANALYZER_NUMBER_OBJECT_CONVERSION = YES_AGGRESSIVE;
				CLANG_CXX_LANGUAGE_STANDARD = "gnu++20";
				CLANG_ENABLE_MODULES = YES;
				CLANG_ENABLE_OBJC_ARC = YES;
				CLANG_ENABLE_OBJC_WEAK = YES;
				CLANG_WARN_BLOCK_CAPTURE_AUTORELEASING = YES;
				CLANG_WARN_BOOL_CONVERSION = YES;
				CLANG_WARN_COMMA = YES;
				CLANG_WARN_CONSTANT_CONVERSION = YES;
				CLANG_WARN_DEPRECATED_OBJC_IMPLEMENTATIONS = YES;
				CLANG_WARN_DIRECT_OBJC_ISA_USAGE = YES_ERROR;
				CLANG_WARN_DOCUMENTATION_COMMENTS = YES;
				CLANG_WARN_EMPTY_BODY = YES;
				CLANG_WARN_ENUM_CONVERSION = YES;
				CLANG_WARN_INFINITE_RECURSION = YES;
				CLANG_WARN_INT_CONVERSION = YES;
				CLANG_WARN_NON_LITERAL_NULL_CONVERSION = YES;
				CLANG_WARN_OBJC_IMPLICIT_RETAIN_SELF = YES;
				CLANG_WARN_OBJC_LITERAL_CONVERSION = YES;
				CLANG_WARN_OBJC_ROOT_CLASS = YES_ERROR;
				CLANG_WARN_QUOTED_INCLUDE_IN_FRAMEWORK_HEADER = YES;
				CLANG_WARN_RANGE_LOOP_ANALYSIS = YES;
				CLANG_WARN_STRICT_PROTOTYPES = YES;
				CLANG_WARN_SUSPICIOUS_MOVE = YES;
				CLANG_WARN_UNGUARDED_AVAILABILITY = YES_AGGRESSIVE;
				CLANG_WARN_UNREACHABLE_CODE = YES;
				CLANG_WARN__DUPLICATE_METHOD_MATCH = YES;
				COPY_PHASE_STRIP = NO;
				DEBUG_INFORMATION_FORMAT = "dwarf-with-dsym";
				ENABLE_NS_ASSERTIONS = NO;
				ENABLE_STRICT_OBJC_MSGSEND = YES;
				GCC_C_LANGUAGE_STANDARD = gnu11;
				GCC_NO_COMMON_BLOCKS = YES;
				GCC_WARN_64_TO_32_BIT_CONVERSION = YES;
				GCC_WARN_ABOUT_RETURN_TYPE = YES_ERROR;
				GCC_WARN_UNDECLARED_SELECTOR = YES;
				GCC_WARN_UNINITIALIZED_AUTOS = YES_AGGRESSIVE;
				GCC_WARN_UNUSED_FUNCTION = YES;
				GCC_WARN_UNUSED_VARIABLE = YES;
				IPHONEOS_DEPLOYMENT_TARGET = 16.4;
				MTL_ENABLE_DEBUG_INFO = NO;
				MTL_FAST_MATH = YES;
				SDKROOT = iphoneos;
				SWIFT_COMPILATION_MODE = wholemodule;
				SWIFT_OPTIMIZATION_LEVEL = "-O";
				VALIDATE_PRODUCT = YES;
			};
			name = Release;
		};
		F6231CA029EAF0AC00A73829 /* Debug */ = {
			isa = XCBuildConfiguration;
			buildSettings = {
				ASSETCATALOG_COMPILER_APPICON_NAME = AppIcon;
				ASSETCATALOG_COMPILER_GLOBAL_ACCENT_COLOR_NAME = AccentColor;
				CODE_SIGN_STYLE = Automatic;
				CURRENT_PROJECT_VERSION = 1;
				DEVELOPMENT_TEAM = 9LQ4L7BK6D;
				GENERATE_INFOPLIST_FILE = YES;
				INFOPLIST_FILE = SehirApp/Info.plist;
				INFOPLIST_KEY_UIApplicationSupportsIndirectInputEvents = YES;
				INFOPLIST_KEY_UILaunchStoryboardName = LaunchScreen;
				INFOPLIST_KEY_UIMainStoryboardFile = Main;
				INFOPLIST_KEY_UISupportedInterfaceOrientations_iPad = "UIInterfaceOrientationPortrait UIInterfaceOrientationPortraitUpsideDown UIInterfaceOrientationLandscapeLeft UIInterfaceOrientationLandscapeRight";
				INFOPLIST_KEY_UISupportedInterfaceOrientations_iPhone = "UIInterfaceOrientationPortrait UIInterfaceOrientationLandscapeLeft UIInterfaceOrientationLandscapeRight";
				LD_RUNPATH_SEARCH_PATHS = (
					"$(inherited)",
					"@executable_path/Frameworks",
				);
				MARKETING_VERSION = 1.0;
				PRODUCT_BUNDLE_IDENTIFIER = ysfyldrm.SehirApp;
				PRODUCT_NAME = "$(TARGET_NAME)";
				SWIFT_EMIT_LOC_STRINGS = YES;
				SWIFT_VERSION = 5.0;
				TARGETED_DEVICE_FAMILY = "1,2";
			};
			name = Debug;
		};
		F6231CA129EAF0AC00A73829 /* Release */ = {
			isa = XCBuildConfiguration;
			buildSettings = {
				ASSETCATALOG_COMPILER_APPICON_NAME = AppIcon;
				ASSETCATALOG_COMPILER_GLOBAL_ACCENT_COLOR_NAME = AccentColor;
				CODE_SIGN_STYLE = Automatic;
				CURRENT_PROJECT_VERSION = 1;
				DEVELOPMENT_TEAM = 9LQ4L7BK6D;
				GENERATE_INFOPLIST_FILE = YES;
				INFOPLIST_FILE = SehirApp/Info.plist;
				INFOPLIST_KEY_UIApplicationSupportsIndirectInputEvents = YES;
				INFOPLIST_KEY_UILaunchStoryboardName = LaunchScreen;
				INFOPLIST_KEY_UIMainStoryboardFile = Main;
				INFOPLIST_KEY_UISupportedInterfaceOrientations_iPad = "UIInterfaceOrientationPortrait UIInterfaceOrientationPortraitUpsideDown UIInterfaceOrientationLandscapeLeft UIInterfaceOrientationLandscapeRight";
				INFOPLIST_KEY_UISupportedInterfaceOrientations_iPhone = "UIInterfaceOrientationPortrait UIInterfaceOrientationLandscapeLeft UIInterfaceOrientationLandscapeRight";
				LD_RUNPATH_SEARCH_PATHS = (
					"$(inherited)",
					"@executable_path/Frameworks",
				);
				MARKETING_VERSION = 1.0;
				PRODUCT_BUNDLE_IDENTIFIER = ysfyldrm.SehirApp;
				PRODUCT_NAME = "$(TARGET_NAME)";
				SWIFT_EMIT_LOC_STRINGS = YES;
				SWIFT_VERSION = 5.0;
				TARGETED_DEVICE_FAMILY = "1,2";
			};
			name = Release;
		};
/* End XCBuildConfiguration section */

/* Begin XCConfigurationList section */
		F6231C8629EAF0AB00A73829 /* Build configuration list for PBXProject "SehirApp" */ = {
			isa = XCConfigurationList;
			buildConfigurations = (
				F6231C9D29EAF0AC00A73829 /* Debug */,
				F6231C9E29EAF0AC00A73829 /* Release */,
			);
			defaultConfigurationIsVisible = 0;
			defaultConfigurationName = Release;
		};
		F6231C9F29EAF0AC00A73829 /* Build configuration list for PBXNativeTarget "SehirApp" */ = {
			isa = XCConfigurationList;
			buildConfigurations = (
				F6231CA029EAF0AC00A73829 /* Debug */,
				F6231CA129EAF0AC00A73829 /* Release */,
			);
			defaultConfigurationIsVisible = 0;
			defaultConfigurationName = Release;
		};
/* End XCConfigurationList section */
	};
	rootObject = F6231C8329EAF0AB00A73829 /* Project object */;
}
