// !$*UTF8*$!
{
	archiveVersion = 1;
	classes = {
	};
	objectVersion = 56;
	objects = {

/* Begin PBXBuildFile section */
		F698729129FC42C6005FD48B /* MovieAppSwiftUIApp.swift in Sources */ = {isa = PBXBuildFile; fileRef = F698729029FC42C6005FD48B /* MovieAppSwiftUIApp.swift */; };
		F698729529FC42C6005FD48B /* Assets.xcassets in Resources */ = {isa = PBXBuildFile; fileRef = F698729429FC42C6005FD48B /* Assets.xcassets */; };
		F698729829FC42C6005FD48B /* Preview Assets.xcassets in Resources */ = {isa = PBXBuildFile; fileRef = F698729729FC42C6005FD48B /* Preview Assets.xcassets */; };
		F69872A329FC4345005FD48B /* Movie.swift in Sources */ = {isa = PBXBuildFile; fileRef = F69872A229FC4345005FD48B /* Movie.swift */; };
		F69872A629FE69BF005FD48B /* DownloaderClient.swift in Sources */ = {isa = PBXBuildFile; fileRef = F69872A529FE69BF005FD48B /* DownloaderClient.swift */; };
		F69872A829FE7120005FD48B /* MovieViewModel.swift in Sources */ = {isa = PBXBuildFile; fileRef = F69872A729FE7120005FD48B /* MovieViewModel.swift */; };
		F69872AA29FE7521005FD48B /* MovieListView.swift in Sources */ = {isa = PBXBuildFile; fileRef = F69872A929FE7521005FD48B /* MovieListView.swift */; };
		F69872AC29FE7A62005FD48B /* ImageDownloaderClient.swift in Sources */ = {isa = PBXBuildFile; fileRef = F69872AB29FE7A62005FD48B /* ImageDownloaderClient.swift */; };
		F69872AE29FE7BC7005FD48B /* MovieImageView.swift in Sources */ = {isa = PBXBuildFile; fileRef = F69872AD29FE7BC7005FD48B /* MovieImageView.swift */; };
		F69872B029FE9260005FD48B /* MovieDetail.swift in Sources */ = {isa = PBXBuildFile; fileRef = F69872AF29FE9260005FD48B /* MovieDetail.swift */; };
		F69872B229FE95D5005FD48B /* MovieDetailViewModel.swift in Sources */ = {isa = PBXBuildFile; fileRef = F69872B129FE95D5005FD48B /* MovieDetailViewModel.swift */; };
		F69872B429FE9798005FD48B /* MovieDetailView.swift in Sources */ = {isa = PBXBuildFile; fileRef = F69872B329FE9798005FD48B /* MovieDetailView.swift */; };
/* End PBXBuildFile section */

/* Begin PBXFileReference section */
		F698728D29FC42C6005FD48B /* MovieAppSwiftUI.app */ = {isa = PBXFileReference; explicitFileType = wrapper.application; includeInIndex = 0; path = MovieAppSwiftUI.app; sourceTree = BUILT_PRODUCTS_DIR; };
		F698729029FC42C6005FD48B /* MovieAppSwiftUIApp.swift */ = {isa = PBXFileReference; lastKnownFileType = sourcecode.swift; path = MovieAppSwiftUIApp.swift; sourceTree = "<group>"; };
		F698729429FC42C6005FD48B /* Assets.xcassets */ = {isa = PBXFileReference; lastKnownFileType = folder.assetcatalog; path = Assets.xcassets; sourceTree = "<group>"; };
		F698729729FC42C6005FD48B /* Preview Assets.xcassets */ = {isa = PBXFileReference; lastKnownFileType = folder.assetcatalog; path = "Preview Assets.xcassets"; sourceTree = "<group>"; };
		F69872A229FC4345005FD48B /* Movie.swift */ = {isa = PBXFileReference; lastKnownFileType = sourcecode.swift; path = Movie.swift; sourceTree = "<group>"; };
		F69872A529FE69BF005FD48B /* DownloaderClient.swift */ = {isa = PBXFileReference; lastKnownFileType = sourcecode.swift; path = DownloaderClient.swift; sourceTree = "<group>"; };
		F69872A729FE7120005FD48B /* MovieViewModel.swift */ = {isa = PBXFileReference; lastKnownFileType = sourcecode.swift; path = MovieViewModel.swift; sourceTree = "<group>"; };
		F69872A929FE7521005FD48B /* MovieListView.swift */ = {isa = PBXFileReference; lastKnownFileType = sourcecode.swift; path = MovieListView.swift; sourceTree = "<group>"; };
		F69872AB29FE7A62005FD48B /* ImageDownloaderClient.swift */ = {isa = PBXFileReference; lastKnownFileType = sourcecode.swift; path = ImageDownloaderClient.swift; sourceTree = "<group>"; };
		F69872AD29FE7BC7005FD48B /* MovieImageView.swift */ = {isa = PBXFileReference; lastKnownFileType = sourcecode.swift; path = MovieImageView.swift; sourceTree = "<group>"; };
		F69872AF29FE9260005FD48B /* MovieDetail.swift */ = {isa = PBXFileReference; lastKnownFileType = sourcecode.swift; path = MovieDetail.swift; sourceTree = "<group>"; };
		F69872B129FE95D5005FD48B /* MovieDetailViewModel.swift */ = {isa = PBXFileReference; lastKnownFileType = sourcecode.swift; path = MovieDetailViewModel.swift; sourceTree = "<group>"; };
		F69872B329FE9798005FD48B /* MovieDetailView.swift */ = {isa = PBXFileReference; lastKnownFileType = sourcecode.swift; path = MovieDetailView.swift; sourceTree = "<group>"; };
/* End PBXFileReference section */

/* Begin PBXFrameworksBuildPhase section */
		F698728A29FC42C6005FD48B /* Frameworks */ = {
			isa = PBXFrameworksBuildPhase;
			buildActionMask = 2147483647;
			files = (
			);
			runOnlyForDeploymentPostprocessing = 0;
		};
/* End PBXFrameworksBuildPhase section */

/* Begin PBXGroup section */
		F698728429FC42C6005FD48B = {
			isa = PBXGroup;
			children = (
				F698728F29FC42C6005FD48B /* MovieAppSwiftUI */,
				F698728E29FC42C6005FD48B /* Products */,
			);
			sourceTree = "<group>";
		};
		F698728E29FC42C6005FD48B /* Products */ = {
			isa = PBXGroup;
			children = (
				F698728D29FC42C6005FD48B /* MovieAppSwiftUI.app */,
			);
			name = Products;
			sourceTree = "<group>";
		};
		F698728F29FC42C6005FD48B /* MovieAppSwiftUI */ = {
			isa = PBXGroup;
			children = (
				F69872A429FE6946005FD48B /* Service */,
				F69872A129FC4321005FD48B /* App */,
				F69872A029FC42F4005FD48B /* View */,
				F698729F29FC42EB005FD48B /* ViewModel */,
				F698729E29FC42D9005FD48B /* Model */,
				F698729429FC42C6005FD48B /* Assets.xcassets */,
				F698729629FC42C6005FD48B /* Preview Content */,
			);
			path = MovieAppSwiftUI;
			sourceTree = "<group>";
		};
		F698729629FC42C6005FD48B /* Preview Content */ = {
			isa = PBXGroup;
			children = (
				F698729729FC42C6005FD48B /* Preview Assets.xcassets */,
			);
			path = "Preview Content";
			sourceTree = "<group>";
		};
		F698729E29FC42D9005FD48B /* Model */ = {
			isa = PBXGroup;
			children = (
				F69872A229FC4345005FD48B /* Movie.swift */,
				F69872AF29FE9260005FD48B /* MovieDetail.swift */,
			);
			path = Model;
			sourceTree = "<group>";
		};
		F698729F29FC42EB005FD48B /* ViewModel */ = {
			isa = PBXGroup;
			children = (
				F69872A729FE7120005FD48B /* MovieViewModel.swift */,
				F69872B129FE95D5005FD48B /* MovieDetailViewModel.swift */,
			);
			path = ViewModel;
			sourceTree = "<group>";
		};
		F69872A029FC42F4005FD48B /* View */ = {
			isa = PBXGroup;
			children = (
				F69872A929FE7521005FD48B /* MovieListView.swift */,
				F69872AD29FE7BC7005FD48B /* MovieImageView.swift */,
				F69872B329FE9798005FD48B /* MovieDetailView.swift */,
			);
			path = View;
			sourceTree = "<group>";
		};
		F69872A129FC4321005FD48B /* App */ = {
			isa = PBXGroup;
			children = (
				F698729029FC42C6005FD48B /* MovieAppSwiftUIApp.swift */,
			);
			path = App;
			sourceTree = "<group>";
		};
		F69872A429FE6946005FD48B /* Service */ = {
			isa = PBXGroup;
			children = (
				F69872A529FE69BF005FD48B /* DownloaderClient.swift */,
				F69872AB29FE7A62005FD48B /* ImageDownloaderClient.swift */,
			);
			path = Service;
			sourceTree = "<group>";
		};
/* End PBXGroup section */

/* Begin PBXNativeTarget section */
		F698728C29FC42C6005FD48B /* MovieAppSwiftUI */ = {
			isa = PBXNativeTarget;
			buildConfigurationList = F698729B29FC42C6005FD48B /* Build configuration list for PBXNativeTarget "MovieAppSwiftUI" */;
			buildPhases = (
				F698728929FC42C6005FD48B /* Sources */,
				F698728A29FC42C6005FD48B /* Frameworks */,
				F698728B29FC42C6005FD48B /* Resources */,
			);
			buildRules = (
			);
			dependencies = (
			);
			name = MovieAppSwiftUI;
			productName = MovieAppSwiftUI;
			productReference = F698728D29FC42C6005FD48B /* MovieAppSwiftUI.app */;
			productType = "com.apple.product-type.application";
		};
/* End PBXNativeTarget section */

/* Begin PBXProject section */
		F698728529FC42C6005FD48B /* Project object */ = {
			isa = PBXProject;
			attributes = {
				BuildIndependentTargetsInParallel = 1;
				LastSwiftUpdateCheck = 1430;
				LastUpgradeCheck = 1430;
				TargetAttributes = {
					F698728C29FC42C6005FD48B = {
						CreatedOnToolsVersion = 14.3;
					};
				};
			};
			buildConfigurationList = F698728829FC42C6005FD48B /* Build configuration list for PBXProject "MovieAppSwiftUI" */;
			compatibilityVersion = "Xcode 14.0";
			developmentRegion = en;
			hasScannedForEncodings = 0;
			knownRegions = (
				en,
				Base,
			);
			mainGroup = F698728429FC42C6005FD48B;
			productRefGroup = F698728E29FC42C6005FD48B /* Products */;
			projectDirPath = "";
			projectRoot = "";
			targets = (
				F698728C29FC42C6005FD48B /* MovieAppSwiftUI */,
			);
		};
/* End PBXProject section */

/* Begin PBXResourcesBuildPhase section */
		F698728B29FC42C6005FD48B /* Resources */ = {
			isa = PBXResourcesBuildPhase;
			buildActionMask = 2147483647;
			files = (
				F698729829FC42C6005FD48B /* Preview Assets.xcassets in Resources */,
				F698729529FC42C6005FD48B /* Assets.xcassets in Resources */,
			);
			runOnlyForDeploymentPostprocessing = 0;
		};
/* End PBXResourcesBuildPhase section */

/* Begin PBXSourcesBuildPhase section */
		F698728929FC42C6005FD48B /* Sources */ = {
			isa = PBXSourcesBuildPhase;
			buildActionMask = 2147483647;
			files = (
				F69872B429FE9798005FD48B /* MovieDetailView.swift in Sources */,
				F69872A829FE7120005FD48B /* MovieViewModel.swift in Sources */,
				F69872AE29FE7BC7005FD48B /* MovieImageView.swift in Sources */,
				F698729129FC42C6005FD48B /* MovieAppSwiftUIApp.swift in Sources */,
				F69872AA29FE7521005FD48B /* MovieListView.swift in Sources */,
				F69872A329FC4345005FD48B /* Movie.swift in Sources */,
				F69872A629FE69BF005FD48B /* DownloaderClient.swift in Sources */,
				F69872AC29FE7A62005FD48B /* ImageDownloaderClient.swift in Sources */,
				F69872B029FE9260005FD48B /* MovieDetail.swift in Sources */,
				F69872B229FE95D5005FD48B /* MovieDetailViewModel.swift in Sources */,
			);
			runOnlyForDeploymentPostprocessing = 0;
		};
/* End PBXSourcesBuildPhase section */

/* Begin XCBuildConfiguration section */
		F698729929FC42C6005FD48B /* Debug */ = {
			isa = XCBuildConfiguration;
			buildSettings = {
				ALWAYS_SEARCH_USER_PATHS = NO;
				CLANG_ANALYZER_NONNULL = YES;
				CLANG_ANALYZER_NUMBER_OBJECT_CONVERSION = YES_AGGRESSIVE;
				CLANG_CXX_LANGUAGE_STANDARD = "gnu++20";
				CLANG_ENABLE_MODULES = YES;
				CLANG_ENABLE_OBJC_ARC = YES;
				CLANG_ENABLE_OBJC_WEAK = YES;
				CLANG_WARN_BLOCK_CAPTURE_AUTORELEASING = YES;
				CLANG_WARN_BOOL_CONVERSION = YES;
				CLANG_WARN_COMMA = YES;
				CLANG_WARN_CONSTANT_CONVERSION = YES;
				CLANG_WARN_DEPRECATED_OBJC_IMPLEMENTATIONS = YES;
				CLANG_WARN_DIRECT_OBJC_ISA_USAGE = YES_ERROR;
				CLANG_WARN_DOCUMENTATION_COMMENTS = YES;
				CLANG_WARN_EMPTY_BODY = YES;
				CLANG_WARN_ENUM_CONVERSION = YES;
				CLANG_WARN_INFINITE_RECURSION = YES;
				CLANG_WARN_INT_CONVERSION = YES;
				CLANG_WARN_NON_LITERAL_NULL_CONVERSION = YES;
				CLANG_WARN_OBJC_IMPLICIT_RETAIN_SELF = YES;
				CLANG_WARN_OBJC_LITERAL_CONVERSION = YES;
				CLANG_WARN_OBJC_ROOT_CLASS = YES_ERROR;
				CLANG_WARN_QUOTED_INCLUDE_IN_FRAMEWORK_HEADER = YES;
				CLANG_WARN_RANGE_LOOP_ANALYSIS = YES;
				CLANG_WARN_STRICT_PROTOTYPES = YES;
				CLANG_WARN_SUSPICIOUS_MOVE = YES;
				CLANG_WARN_UNGUARDED_AVAILABILITY = YES_AGGRESSIVE;
				CLANG_WARN_UNREACHABLE_CODE = YES;
				CLANG_WARN__DUPLICATE_METHOD_MATCH = YES;
				COPY_PHASE_STRIP = NO;
				DEBUG_INFORMATION_FORMAT = dwarf;
				ENABLE_STRICT_OBJC_MSGSEND = YES;
				ENABLE_TESTABILITY = YES;
				GCC_C_LANGUAGE_STANDARD = gnu11;
				GCC_DYNAMIC_NO_PIC = NO;
				GCC_NO_COMMON_BLOCKS = YES;
				GCC_OPTIMIZATION_LEVEL = 0;
				GCC_PREPROCESSOR_DEFINITIONS = (
					"DEBUG=1",
					"$(inherited)",
				);
				GCC_WARN_64_TO_32_BIT_CONVERSION = YES;
				GCC_WARN_ABOUT_RETURN_TYPE = YES_ERROR;
				GCC_WARN_UNDECLARED_SELECTOR = YES;
				GCC_WARN_UNINITIALIZED_AUTOS = YES_AGGRESSIVE;
				GCC_WARN_UNUSED_FUNCTION = YES;
				GCC_WARN_UNUSED_VARIABLE = YES;
				IPHONEOS_DEPLOYMENT_TARGET = 16.4;
				MTL_ENABLE_DEBUG_INFO = INCLUDE_SOURCE;
				MTL_FAST_MATH = YES;
				ONLY_ACTIVE_ARCH = YES;
				SDKROOT = iphoneos;
				SWIFT_ACTIVE_COMPILATION_CONDITIONS = DEBUG;
				SWIFT_OPTIMIZATION_LEVEL = "-Onone";
			};
			name = Debug;
		};
		F698729A29FC42C6005FD48B /* Release */ = {
			isa = XCBuildConfiguration;
			buildSettings = {
				ALWAYS_SEARCH_USER_PATHS = NO;
				CLANG_ANALYZER_NONNULL = YES;
				CLANG_ANALYZER_NUMBER_OBJECT_CONVERSION = YES_AGGRESSIVE;
				CLANG_CXX_LANGUAGE_STANDARD = "gnu++20";
				CLANG_ENABLE_MODULES = YES;
				CLANG_ENABLE_OBJC_ARC = YES;
				CLANG_ENABLE_OBJC_WEAK = YES;
				CLANG_WARN_BLOCK_CAPTURE_AUTORELEASING = YES;
				CLANG_WARN_BOOL_CONVERSION = YES;
				CLANG_WARN_COMMA = YES;
				CLANG_WARN_CONSTANT_CONVERSION = YES;
				CLANG_WARN_DEPRECATED_OBJC_IMPLEMENTATIONS = YES;
				CLANG_WARN_DIRECT_OBJC_ISA_USAGE = YES_ERROR;
				CLANG_WARN_DOCUMENTATION_COMMENTS = YES;
				CLANG_WARN_EMPTY_BODY = YES;
				CLANG_WARN_ENUM_CONVERSION = YES;
				CLANG_WARN_INFINITE_RECURSION = YES;
				CLANG_WARN_INT_CONVERSION = YES;
				CLANG_WARN_NON_LITERAL_NULL_CONVERSION = YES;
				CLANG_WARN_OBJC_IMPLICIT_RETAIN_SELF = YES;
				CLANG_WARN_OBJC_LITERAL_CONVERSION = YES;
				CLANG_WARN_OBJC_ROOT_CLASS = YES_ERROR;
				CLANG_WARN_QUOTED_INCLUDE_IN_FRAMEWORK_HEADER = YES;
				CLANG_WARN_RANGE_LOOP_ANALYSIS = YES;
				CLANG_WARN_STRICT_PROTOTYPES = YES;
				CLANG_WARN_SUSPICIOUS_MOVE = YES;
				CLANG_WARN_UNGUARDED_AVAILABILITY = YES_AGGRESSIVE;
				CLANG_WARN_UNREACHABLE_CODE = YES;
				CLANG_WARN__DUPLICATE_METHOD_MATCH = YES;
				COPY_PHASE_STRIP = NO;
				DEBUG_INFORMATION_FORMAT = "dwarf-with-dsym";
				ENABLE_NS_ASSERTIONS = NO;
				ENABLE_STRICT_OBJC_MSGSEND = YES;
				GCC_C_LANGUAGE_STANDARD = gnu11;
				GCC_NO_COMMON_BLOCKS = YES;
				GCC_WARN_64_TO_32_BIT_CONVERSION = YES;
				GCC_WARN_ABOUT_RETURN_TYPE = YES_ERROR;
				GCC_WARN_UNDECLARED_SELECTOR = YES;
				GCC_WARN_UNINITIALIZED_AUTOS = YES_AGGRESSIVE;
				GCC_WARN_UNUSED_FUNCTION = YES;
				GCC_WARN_UNUSED_VARIABLE = YES;
				IPHONEOS_DEPLOYMENT_TARGET = 16.4;
				MTL_ENABLE_DEBUG_INFO = NO;
				MTL_FAST_MATH = YES;
				SDKROOT = iphoneos;
				SWIFT_COMPILATION_MODE = wholemodule;
				SWIFT_OPTIMIZATION_LEVEL = "-O";
				VALIDATE_PRODUCT = YES;
			};
			name = Release;
		};
		F698729C29FC42C6005FD48B /* Debug */ = {
			isa = XCBuildConfiguration;
			buildSettings = {
				ASSETCATALOG_COMPILER_APPICON_NAME = AppIcon;
				ASSETCATALOG_COMPILER_GLOBAL_ACCENT_COLOR_NAME = AccentColor;
				CODE_SIGN_STYLE = Automatic;
				CURRENT_PROJECT_VERSION = 1;
				DEVELOPMENT_ASSET_PATHS = "\"MovieAppSwiftUI/Preview Content\"";
				DEVELOPMENT_TEAM = 9LQ4L7BK6D;
				ENABLE_PREVIEWS = YES;
				GENERATE_INFOPLIST_FILE = YES;
				INFOPLIST_KEY_UIApplicationSceneManifest_Generation = YES;
				INFOPLIST_KEY_UIApplicationSupportsIndirectInputEvents = YES;
				INFOPLIST_KEY_UILaunchScreen_Generation = YES;
				INFOPLIST_KEY_UISupportedInterfaceOrientations_iPad = "UIInterfaceOrientationPortrait UIInterfaceOrientationPortraitUpsideDown UIInterfaceOrientationLandscapeLeft UIInterfaceOrientationLandscapeRight";
				INFOPLIST_KEY_UISupportedInterfaceOrientations_iPhone = "UIInterfaceOrientationPortrait UIInterfaceOrientationLandscapeLeft UIInterfaceOrientationLandscapeRight";
				LD_RUNPATH_SEARCH_PATHS = (
					"$(inherited)",
					"@executable_path/Frameworks",
				);
				MARKETING_VERSION = 1.0;
				PRODUCT_BUNDLE_IDENTIFIER = ysfyldrm.MovieAppSwiftUI;
				PRODUCT_NAME = "$(TARGET_NAME)";
				SWIFT_EMIT_LOC_STRINGS = YES;
				SWIFT_VERSION = 5.0;
				TARGETED_DEVICE_FAMILY = "1,2";
			};
			name = Debug;
		};
		F698729D29FC42C6005FD48B /* Release */ = {
			isa = XCBuildConfiguration;
			buildSettings = {
				ASSETCATALOG_COMPILER_APPICON_NAME = AppIcon;
				ASSETCATALOG_COMPILER_GLOBAL_ACCENT_COLOR_NAME = AccentColor;
				CODE_SIGN_STYLE = Automatic;
				CURRENT_PROJECT_VERSION = 1;
				DEVELOPMENT_ASSET_PATHS = "\"MovieAppSwiftUI/Preview Content\"";
				DEVELOPMENT_TEAM = 9LQ4L7BK6D;
				ENABLE_PREVIEWS = YES;
				GENERATE_INFOPLIST_FILE = YES;
				INFOPLIST_KEY_UIApplicationSceneManifest_Generation = YES;
				INFOPLIST_KEY_UIApplicationSupportsIndirectInputEvents = YES;
				INFOPLIST_KEY_UILaunchScreen_Generation = YES;
				INFOPLIST_KEY_UISupportedInterfaceOrientations_iPad = "UIInterfaceOrientationPortrait UIInterfaceOrientationPortraitUpsideDown UIInterfaceOrientationLandscapeLeft UIInterfaceOrientationLandscapeRight";
				INFOPLIST_KEY_UISupportedInterfaceOrientations_iPhone = "UIInterfaceOrientationPortrait UIInterfaceOrientationLandscapeLeft UIInterfaceOrientationLandscapeRight";
				LD_RUNPATH_SEARCH_PATHS = (
					"$(inherited)",
					"@executable_path/Frameworks",
				);
				MARKETING_VERSION = 1.0;
				PRODUCT_BUNDLE_IDENTIFIER = ysfyldrm.MovieAppSwiftUI;
				PRODUCT_NAME = "$(TARGET_NAME)";
				SWIFT_EMIT_LOC_STRINGS = YES;
				SWIFT_VERSION = 5.0;
				TARGETED_DEVICE_FAMILY = "1,2";
			};
			name = Release;
		};
/* End XCBuildConfiguration section */

/* Begin XCConfigurationList section */
		F698728829FC42C6005FD48B /* Build configuration list for PBXProject "MovieAppSwiftUI" */ = {
			isa = XCConfigurationList;
			buildConfigurations = (
				F698729929FC42C6005FD48B /* Debug */,
				F698729A29FC42C6005FD48B /* Release */,
			);
			defaultConfigurationIsVisible = 0;
			defaultConfigurationName = Release;
		};
		F698729B29FC42C6005FD48B /* Build configuration list for PBXNativeTarget "MovieAppSwiftUI" */ = {
			isa = XCConfigurationList;
			buildConfigurations = (
				F698729C29FC42C6005FD48B /* Debug */,
				F698729D29FC42C6005FD48B /* Release */,
			);
			defaultConfigurationIsVisible = 0;
			defaultConfigurationName = Release;
		};
/* End XCConfigurationList section */
	};
	rootObject = F698728529FC42C6005FD48B /* Project object */;
}
