// !$*UTF8*$!
{
	archiveVersion = 1;
	classes = {
	};
	objectVersion = 56;
	objects = {

/* Begin PBXBuildFile section */
		F688AD9129FC04FE00E7B3BF /* SuperKahramanSwiftUIApp.swift in Sources */ = {isa = PBXBuildFile; fileRef = F688AD9029FC04FE00E7B3BF /* SuperKahramanSwiftUIApp.swift */; };
		F688AD9529FC04FE00E7B3BF /* Assets.xcassets in Resources */ = {isa = PBXBuildFile; fileRef = F688AD9429FC04FE00E7B3BF /* Assets.xcassets */; };
		F688AD9829FC04FE00E7B3BF /* Preview Assets.xcassets in Resources */ = {isa = PBXBuildFile; fileRef = F688AD9729FC04FE00E7B3BF /* Preview Assets.xcassets */; };
		F688AD9F29FC05BE00E7B3BF /* Hero.swift in Sources */ = {isa = PBXBuildFile; fileRef = F688AD9E29FC05BE00E7B3BF /* Hero.swift */; };
		F688ADA329FC0B3E00E7B3BF /* MapView.swift in Sources */ = {isa = PBXBuildFile; fileRef = F688ADA229FC0B3E00E7B3BF /* MapView.swift */; };
		F688ADA529FC0D2900E7B3BF /* DetayView.swift in Sources */ = {isa = PBXBuildFile; fileRef = F688ADA429FC0D2900E7B3BF /* DetayView.swift */; };
		F688ADA729FC0DCE00E7B3BF /* OzelGorselView.swift in Sources */ = {isa = PBXBuildFile; fileRef = F688ADA629FC0DCE00E7B3BF /* OzelGorselView.swift */; };
		F688ADA929FC149C00E7B3BF /* ListeView.swift in Sources */ = {isa = PBXBuildFile; fileRef = F688ADA829FC149C00E7B3BF /* ListeView.swift */; };
		F688ADAB29FC16CA00E7B3BF /* ListeRowView.swift in Sources */ = {isa = PBXBuildFile; fileRef = F688ADAA29FC16CA00E7B3BF /* ListeRowView.swift */; };
/* End PBXBuildFile section */

/* Begin PBXFileReference section */
		F688AD8D29FC04FE00E7B3BF /* SuperKahramanSwiftUI.app */ = {isa = PBXFileReference; explicitFileType = wrapper.application; includeInIndex = 0; path = SuperKahramanSwiftUI.app; sourceTree = BUILT_PRODUCTS_DIR; };
		F688AD9029FC04FE00E7B3BF /* SuperKahramanSwiftUIApp.swift */ = {isa = PBXFileReference; lastKnownFileType = sourcecode.swift; path = SuperKahramanSwiftUIApp.swift; sourceTree = "<group>"; };
		F688AD9429FC04FE00E7B3BF /* Assets.xcassets */ = {isa = PBXFileReference; lastKnownFileType = folder.assetcatalog; path = Assets.xcassets; sourceTree = "<group>"; };
		F688AD9729FC04FE00E7B3BF /* Preview Assets.xcassets */ = {isa = PBXFileReference; lastKnownFileType = folder.assetcatalog; path = "Preview Assets.xcassets"; sourceTree = "<group>"; };
		F688AD9E29FC05BE00E7B3BF /* Hero.swift */ = {isa = PBXFileReference; lastKnownFileType = sourcecode.swift; path = Hero.swift; sourceTree = "<group>"; };
		F688ADA229FC0B3E00E7B3BF /* MapView.swift */ = {isa = PBXFileReference; lastKnownFileType = sourcecode.swift; path = MapView.swift; sourceTree = "<group>"; };
		F688ADA429FC0D2900E7B3BF /* DetayView.swift */ = {isa = PBXFileReference; lastKnownFileType = sourcecode.swift; path = DetayView.swift; sourceTree = "<group>"; };
		F688ADA629FC0DCE00E7B3BF /* OzelGorselView.swift */ = {isa = PBXFileReference; lastKnownFileType = sourcecode.swift; path = OzelGorselView.swift; sourceTree = "<group>"; };
		F688ADA829FC149C00E7B3BF /* ListeView.swift */ = {isa = PBXFileReference; lastKnownFileType = sourcecode.swift; path = ListeView.swift; sourceTree = "<group>"; };
		F688ADAA29FC16CA00E7B3BF /* ListeRowView.swift */ = {isa = PBXFileReference; lastKnownFileType = sourcecode.swift; path = ListeRowView.swift; sourceTree = "<group>"; };
/* End PBXFileReference section */

/* Begin PBXFrameworksBuildPhase section */
		F688AD8A29FC04FE00E7B3BF /* Frameworks */ = {
			isa = PBXFrameworksBuildPhase;
			buildActionMask = 2147483647;
			files = (
			);
			runOnlyForDeploymentPostprocessing = 0;
		};
/* End PBXFrameworksBuildPhase section */

/* Begin PBXGroup section */
		F688AD8429FC04FE00E7B3BF = {
			isa = PBXGroup;
			children = (
				F688AD8F29FC04FE00E7B3BF /* SuperKahramanSwiftUI */,
				F688AD8E29FC04FE00E7B3BF /* Products */,
			);
			sourceTree = "<group>";
		};
		F688AD8E29FC04FE00E7B3BF /* Products */ = {
			isa = PBXGroup;
			children = (
				F688AD8D29FC04FE00E7B3BF /* SuperKahramanSwiftUI.app */,
			);
			name = Products;
			sourceTree = "<group>";
		};
		F688AD8F29FC04FE00E7B3BF /* SuperKahramanSwiftUI */ = {
			isa = PBXGroup;
			children = (
				F688AD9029FC04FE00E7B3BF /* SuperKahramanSwiftUIApp.swift */,
				F688ADA829FC149C00E7B3BF /* ListeView.swift */,
				F688ADAA29FC16CA00E7B3BF /* ListeRowView.swift */,
				F688AD9E29FC05BE00E7B3BF /* Hero.swift */,
				F688ADA229FC0B3E00E7B3BF /* MapView.swift */,
				F688ADA629FC0DCE00E7B3BF /* OzelGorselView.swift */,
				F688ADA429FC0D2900E7B3BF /* DetayView.swift */,
				F688AD9429FC04FE00E7B3BF /* Assets.xcassets */,
				F688AD9629FC04FE00E7B3BF /* Preview Content */,
			);
			path = SuperKahramanSwiftUI;
			sourceTree = "<group>";
		};
		F688AD9629FC04FE00E7B3BF /* Preview Content */ = {
			isa = PBXGroup;
			children = (
				F688AD9729FC04FE00E7B3BF /* Preview Assets.xcassets */,
			);
			path = "Preview Content";
			sourceTree = "<group>";
		};
/* End PBXGroup section */

/* Begin PBXNativeTarget section */
		F688AD8C29FC04FE00E7B3BF /* SuperKahramanSwiftUI */ = {
			isa = PBXNativeTarget;
			buildConfigurationList = F688AD9B29FC04FE00E7B3BF /* Build configuration list for PBXNativeTarget "SuperKahramanSwiftUI" */;
			buildPhases = (
				F688AD8929FC04FE00E7B3BF /* Sources */,
				F688AD8A29FC04FE00E7B3BF /* Frameworks */,
				F688AD8B29FC04FE00E7B3BF /* Resources */,
			);
			buildRules = (
			);
			dependencies = (
			);
			name = SuperKahramanSwiftUI;
			productName = SuperKahramanSwiftUI;
			productReference = F688AD8D29FC04FE00E7B3BF /* SuperKahramanSwiftUI.app */;
			productType = "com.apple.product-type.application";
		};
/* End PBXNativeTarget section */

/* Begin PBXProject section */
		F688AD8529FC04FE00E7B3BF /* Project object */ = {
			isa = PBXProject;
			attributes = {
				BuildIndependentTargetsInParallel = 1;
				LastSwiftUpdateCheck = 1430;
				LastUpgradeCheck = 1430;
				TargetAttributes = {
					F688AD8C29FC04FE00E7B3BF = {
						CreatedOnToolsVersion = 14.3;
					};
				};
			};
			buildConfigurationList = F688AD8829FC04FE00E7B3BF /* Build configuration list for PBXProject "SuperKahramanSwiftUI" */;
			compatibilityVersion = "Xcode 14.0";
			developmentRegion = en;
			hasScannedForEncodings = 0;
			knownRegions = (
				en,
				Base,
			);
			mainGroup = F688AD8429FC04FE00E7B3BF;
			productRefGroup = F688AD8E29FC04FE00E7B3BF /* Products */;
			projectDirPath = "";
			projectRoot = "";
			targets = (
				F688AD8C29FC04FE00E7B3BF /* SuperKahramanSwiftUI */,
			);
		};
/* End PBXProject section */

/* Begin PBXResourcesBuildPhase section */
		F688AD8B29FC04FE00E7B3BF /* Resources */ = {
			isa = PBXResourcesBuildPhase;
			buildActionMask = 2147483647;
			files = (
				F688AD9829FC04FE00E7B3BF /* Preview Assets.xcassets in Resources */,
				F688AD9529FC04FE00E7B3BF /* Assets.xcassets in Resources */,
			);
			runOnlyForDeploymentPostprocessing = 0;
		};
/* End PBXResourcesBuildPhase section */

/* Begin PBXSourcesBuildPhase section */
		F688AD8929FC04FE00E7B3BF /* Sources */ = {
			isa = PBXSourcesBuildPhase;
			buildActionMask = 2147483647;
			files = (
				F688ADA929FC149C00E7B3BF /* ListeView.swift in Sources */,
				F688ADA729FC0DCE00E7B3BF /* OzelGorselView.swift in Sources */,
				F688ADA529FC0D2900E7B3BF /* DetayView.swift in Sources */,
				F688ADAB29FC16CA00E7B3BF /* ListeRowView.swift in Sources */,
				F688ADA329FC0B3E00E7B3BF /* MapView.swift in Sources */,
				F688AD9129FC04FE00E7B3BF /* SuperKahramanSwiftUIApp.swift in Sources */,
				F688AD9F29FC05BE00E7B3BF /* Hero.swift in Sources */,
			);
			runOnlyForDeploymentPostprocessing = 0;
		};
/* End PBXSourcesBuildPhase section */

/* Begin XCBuildConfiguration section */
		F688AD9929FC04FE00E7B3BF /* Debug */ = {
			isa = XCBuildConfiguration;
			buildSettings = {
				ALWAYS_SEARCH_USER_PATHS = NO;
				CLANG_ANALYZER_NONNULL = YES;
				CLANG_ANALYZER_NUMBER_OBJECT_CONVERSION = YES_AGGRESSIVE;
				CLANG_CXX_LANGUAGE_STANDARD = "gnu++20";
				CLANG_ENABLE_MODULES = YES;
				CLANG_ENABLE_OBJC_ARC = YES;
				CLANG_ENABLE_OBJC_WEAK = YES;
				CLANG_WARN_BLOCK_CAPTURE_AUTORELEASING = YES;
				CLANG_WARN_BOOL_CONVERSION = YES;
				CLANG_WARN_COMMA = YES;
				CLANG_WARN_CONSTANT_CONVERSION = YES;
				CLANG_WARN_DEPRECATED_OBJC_IMPLEMENTATIONS = YES;
				CLANG_WARN_DIRECT_OBJC_ISA_USAGE = YES_ERROR;
				CLANG_WARN_DOCUMENTATION_COMMENTS = YES;
				CLANG_WARN_EMPTY_BODY = YES;
				CLANG_WARN_ENUM_CONVERSION = YES;
				CLANG_WARN_INFINITE_RECURSION = YES;
				CLANG_WARN_INT_CONVERSION = YES;
				CLANG_WARN_NON_LITERAL_NULL_CONVERSION = YES;
				CLANG_WARN_OBJC_IMPLICIT_RETAIN_SELF = YES;
				CLANG_WARN_OBJC_LITERAL_CONVERSION = YES;
				CLANG_WARN_OBJC_ROOT_CLASS = YES_ERROR;
				CLANG_WARN_QUOTED_INCLUDE_IN_FRAMEWORK_HEADER = YES;
				CLANG_WARN_RANGE_LOOP_ANALYSIS = YES;
				CLANG_WARN_STRICT_PROTOTYPES = YES;
				CLANG_WARN_SUSPICIOUS_MOVE = YES;
				CLANG_WARN_UNGUARDED_AVAILABILITY = YES_AGGRESSIVE;
				CLANG_WARN_UNREACHABLE_CODE = YES;
				CLANG_WARN__DUPLICATE_METHOD_MATCH = YES;
				COPY_PHASE_STRIP = NO;
				DEBUG_INFORMATION_FORMAT = dwarf;
				ENABLE_STRICT_OBJC_MSGSEND = YES;
				ENABLE_TESTABILITY = YES;
				GCC_C_LANGUAGE_STANDARD = gnu11;
				GCC_DYNAMIC_NO_PIC = NO;
				GCC_NO_COMMON_BLOCKS = YES;
				GCC_OPTIMIZATION_LEVEL = 0;
				GCC_PREPROCESSOR_DEFINITIONS = (
					"DEBUG=1",
					"$(inherited)",
				);
				GCC_WARN_64_TO_32_BIT_CONVERSION = YES;
				GCC_WARN_ABOUT_RETURN_TYPE = YES_ERROR;
				GCC_WARN_UNDECLARED_SELECTOR = YES;
				GCC_WARN_UNINITIALIZED_AUTOS = YES_AGGRESSIVE;
				GCC_WARN_UNUSED_FUNCTION = YES;
				GCC_WARN_UNUSED_VARIABLE = YES;
				IPHONEOS_DEPLOYMENT_TARGET = 16.4;
				MTL_ENABLE_DEBUG_INFO = INCLUDE_SOURCE;
				MTL_FAST_MATH = YES;
				ONLY_ACTIVE_ARCH = YES;
				SDKROOT = iphoneos;
				SWIFT_ACTIVE_COMPILATION_CONDITIONS = DEBUG;
				SWIFT_OPTIMIZATION_LEVEL = "-Onone";
			};
			name = Debug;
		};
		F688AD9A29FC04FE00E7B3BF /* Release */ = {
			isa = XCBuildConfiguration;
			buildSettings = {
				ALWAYS_SEARCH_USER_PATHS = NO;
				CLANG_ANALYZER_NONNULL = YES;
				CLANG_ANALYZER_NUMBER_OBJECT_CONVERSION = YES_AGGRESSIVE;
				CLANG_CXX_LANGUAGE_STANDARD = "gnu++20";
				CLANG_ENABLE_MODULES = YES;
				CLANG_ENABLE_OBJC_ARC = YES;
				CLANG_ENABLE_OBJC_WEAK = YES;
				CLANG_WARN_BLOCK_CAPTURE_AUTORELEASING = YES;
				CLANG_WARN_BOOL_CONVERSION = YES;
				CLANG_WARN_COMMA = YES;
				CLANG_WARN_CONSTANT_CONVERSION = YES;
				CLANG_WARN_DEPRECATED_OBJC_IMPLEMENTATIONS = YES;
				CLANG_WARN_DIRECT_OBJC_ISA_USAGE = YES_ERROR;
				CLANG_WARN_DOCUMENTATION_COMMENTS = YES;
				CLANG_WARN_EMPTY_BODY = YES;
				CLANG_WARN_ENUM_CONVERSION = YES;
				CLANG_WARN_INFINITE_RECURSION = YES;
				CLANG_WARN_INT_CONVERSION = YES;
				CLANG_WARN_NON_LITERAL_NULL_CONVERSION = YES;
				CLANG_WARN_OBJC_IMPLICIT_RETAIN_SELF = YES;
				CLANG_WARN_OBJC_LITERAL_CONVERSION = YES;
				CLANG_WARN_OBJC_ROOT_CLASS = YES_ERROR;
				CLANG_WARN_QUOTED_INCLUDE_IN_FRAMEWORK_HEADER = YES;
				CLANG_WARN_RANGE_LOOP_ANALYSIS = YES;
				CLANG_WARN_STRICT_PROTOTYPES = YES;
				CLANG_WARN_SUSPICIOUS_MOVE = YES;
				CLANG_WARN_UNGUARDED_AVAILABILITY = YES_AGGRESSIVE;
				CLANG_WARN_UNREACHABLE_CODE = YES;
				CLANG_WARN__DUPLICATE_METHOD_MATCH = YES;
				COPY_PHASE_STRIP = NO;
				DEBUG_INFORMATION_FORMAT = "dwarf-with-dsym";
				ENABLE_NS_ASSERTIONS = NO;
				ENABLE_STRICT_OBJC_MSGSEND = YES;
				GCC_C_LANGUAGE_STANDARD = gnu11;
				GCC_NO_COMMON_BLOCKS = YES;
				GCC_WARN_64_TO_32_BIT_CONVERSION = YES;
				GCC_WARN_ABOUT_RETURN_TYPE = YES_ERROR;
				GCC_WARN_UNDECLARED_SELECTOR = YES;
				GCC_WARN_UNINITIALIZED_AUTOS = YES_AGGRESSIVE;
				GCC_WARN_UNUSED_FUNCTION = YES;
				GCC_WARN_UNUSED_VARIABLE = YES;
				IPHONEOS_DEPLOYMENT_TARGET = 16.4;
				MTL_ENABLE_DEBUG_INFO = NO;
				MTL_FAST_MATH = YES;
				SDKROOT = iphoneos;
				SWIFT_COMPILATION_MODE = wholemodule;
				SWIFT_OPTIMIZATION_LEVEL = "-O";
				VALIDATE_PRODUCT = YES;
			};
			name = Release;
		};
		F688AD9C29FC04FE00E7B3BF /* Debug */ = {
			isa = XCBuildConfiguration;
			buildSettings = {
				ASSETCATALOG_COMPILER_APPICON_NAME = AppIcon;
				ASSETCATALOG_COMPILER_GLOBAL_ACCENT_COLOR_NAME = AccentColor;
				CODE_SIGN_STYLE = Automatic;
				CURRENT_PROJECT_VERSION = 1;
				DEVELOPMENT_ASSET_PATHS = "\"SuperKahramanSwiftUI/Preview Content\"";
				DEVELOPMENT_TEAM = 9LQ4L7BK6D;
				ENABLE_PREVIEWS = YES;
				GENERATE_INFOPLIST_FILE = YES;
				INFOPLIST_KEY_UIApplicationSceneManifest_Generation = YES;
				INFOPLIST_KEY_UIApplicationSupportsIndirectInputEvents = YES;
				INFOPLIST_KEY_UILaunchScreen_Generation = YES;
				INFOPLIST_KEY_UISupportedInterfaceOrientations_iPad = "UIInterfaceOrientationPortrait UIInterfaceOrientationPortraitUpsideDown UIInterfaceOrientationLandscapeLeft UIInterfaceOrientationLandscapeRight";
				INFOPLIST_KEY_UISupportedInterfaceOrientations_iPhone = "UIInterfaceOrientationPortrait UIInterfaceOrientationLandscapeLeft UIInterfaceOrientationLandscapeRight";
				LD_RUNPATH_SEARCH_PATHS = (
					"$(inherited)",
					"@executable_path/Frameworks",
				);
				MARKETING_VERSION = 1.0;
				PRODUCT_BUNDLE_IDENTIFIER = ysfyldrm.SuperKahramanSwiftUI;
				PRODUCT_NAME = "$(TARGET_NAME)";
				SWIFT_EMIT_LOC_STRINGS = YES;
				SWIFT_VERSION = 5.0;
				TARGETED_DEVICE_FAMILY = "1,2";
			};
			name = Debug;
		};
		F688AD9D29FC04FE00E7B3BF /* Release */ = {
			isa = XCBuildConfiguration;
			buildSettings = {
				ASSETCATALOG_COMPILER_APPICON_NAME = AppIcon;
				ASSETCATALOG_COMPILER_GLOBAL_ACCENT_COLOR_NAME = AccentColor;
				CODE_SIGN_STYLE = Automatic;
				CURRENT_PROJECT_VERSION = 1;
				DEVELOPMENT_ASSET_PATHS = "\"SuperKahramanSwiftUI/Preview Content\"";
				DEVELOPMENT_TEAM = 9LQ4L7BK6D;
				ENABLE_PREVIEWS = YES;
				GENERATE_INFOPLIST_FILE = YES;
				INFOPLIST_KEY_UIApplicationSceneManifest_Generation = YES;
				INFOPLIST_KEY_UIApplicationSupportsIndirectInputEvents = YES;
				INFOPLIST_KEY_UILaunchScreen_Generation = YES;
				INFOPLIST_KEY_UISupportedInterfaceOrientations_iPad = "UIInterfaceOrientationPortrait UIInterfaceOrientationPortraitUpsideDown UIInterfaceOrientationLandscapeLeft UIInterfaceOrientationLandscapeRight";
				INFOPLIST_KEY_UISupportedInterfaceOrientations_iPhone = "UIInterfaceOrientationPortrait UIInterfaceOrientationLandscapeLeft UIInterfaceOrientationLandscapeRight";
				LD_RUNPATH_SEARCH_PATHS = (
					"$(inherited)",
					"@executable_path/Frameworks",
				);
				MARKETING_VERSION = 1.0;
				PRODUCT_BUNDLE_IDENTIFIER = ysfyldrm.SuperKahramanSwiftUI;
				PRODUCT_NAME = "$(TARGET_NAME)";
				SWIFT_EMIT_LOC_STRINGS = YES;
				SWIFT_VERSION = 5.0;
				TARGETED_DEVICE_FAMILY = "1,2";
			};
			name = Release;
		};
/* End XCBuildConfiguration section */

/* Begin XCConfigurationList section */
		F688AD8829FC04FE00E7B3BF /* Build configuration list for PBXProject "SuperKahramanSwiftUI" */ = {
			isa = XCConfigurationList;
			buildConfigurations = (
				F688AD9929FC04FE00E7B3BF /* Debug */,
				F688AD9A29FC04FE00E7B3BF /* Release */,
			);
			defaultConfigurationIsVisible = 0;
			defaultConfigurationName = Release;
		};
		F688AD9B29FC04FE00E7B3BF /* Build configuration list for PBXNativeTarget "SuperKahramanSwiftUI" */ = {
			isa = XCConfigurationList;
			buildConfigurations = (
				F688AD9C29FC04FE00E7B3BF /* Debug */,
				F688AD9D29FC04FE00E7B3BF /* Release */,
			);
			defaultConfigurationIsVisible = 0;
			defaultConfigurationName = Release;
		};
/* End XCConfigurationList section */
	};
	rootObject = F688AD8529FC04FE00E7B3BF /* Project object */;
}
